
Microsoft Visual Studio Solution File, Format Version 12.00
# Visual Studio Version 17
VisualStudioVersion = 17.7.34221.43
MinimumVisualStudioVersion = 10.0.40219.1
Project("{9A19103F-16F7-4668-BE54-9A1E7A4F7556}") = "tenants-association-be", "tenants-association-be\tenants-association-be.csproj", "{43FBE607-BB2E-491D-9E47-ED499FAF4A28}"
EndProject
Project("{9A19103F-16F7-4668-BE54-9A1E7A4F7556}") = "TenantsAssociation.BusinessLogic", "TenantsAssociation.BusinessLogic\TenantsAssociation.BusinessLogic.csproj", "{04FF8E59-F485-4786-9D24-0817AA00BE95}"
EndProject
Project("{9A19103F-16F7-4668-BE54-9A1E7A4F7556}") = "TenantsAssociation.DataAccess", "TenantsAssociation.DataAccess\TenantsAssociation.DataAccess.csproj", "{BE86DBF3-21A9-445A-BBE0-274D40F6920A}"
EndProject
Project("{FAE04EC0-301F-11D3-BF4B-00C04F79EFBC}") = "TenantsAssociation.Tests", "TenantsAssociation.Tests\TenantsAssociation.Tests.csproj", "{CDCBAEC1-06B6-46E2-9A79-BC5393293FC8}"
EndProject
Global
	GlobalSection(SolutionConfigurationPlatforms) = preSolution
		Debug|Any CPU = Debug|Any CPU
		Release|Any CPU = Release|Any CPU
	EndGlobalSection
	GlobalSection(ProjectConfigurationPlatforms) = postSolution
		{43FBE607-BB2E-491D-9E47-ED499FAF4A28}.Debug|Any CPU.ActiveCfg = Debug|Any CPU
		{43FBE607-BB2E-491D-9E47-ED499FAF4A28}.Debug|Any CPU.Build.0 = Debug|Any CPU
		{43FBE607-BB2E-491D-9E47-ED499FAF4A28}.Release|Any CPU.ActiveCfg = Release|Any CPU
		{43FBE607-BB2E-491D-9E47-ED499FAF4A28}.Release|Any CPU.Build.0 = Release|Any CPU
		{04FF8E59-F485-4786-9D24-0817AA00BE95}.Debug|Any CPU.ActiveCfg = Debug|Any CPU
		{04FF8E59-F485-4786-9D24-0817AA00BE95}.Debug|Any CPU.Build.0 = Debug|Any CPU
		{04FF8E59-F485-4786-9D24-0817AA00BE95}.Release|Any CPU.ActiveCfg = Release|Any CPU
		{04FF8E59-F485-4786-9D24-0817AA00BE95}.Release|Any CPU.Build.0 = Release|Any CPU
		{BE86DBF3-21A9-445A-BBE0-274D40F6920A}.Debug|Any CPU.ActiveCfg = Debug|Any CPU
		{BE86DBF3-21A9-445A-BBE0-274D40F6920A}.Debug|Any CPU.Build.0 = Debug|Any CPU
		{BE86DBF3-21A9-445A-BBE0-274D40F6920A}.Release|Any CPU.ActiveCfg = Release|Any CPU
		{BE86DBF3-21A9-445A-BBE0-274D40F6920A}.Release|Any CPU.Build.0 = Release|Any CPU
		{CDCBAEC1-06B6-46E2-9A79-BC5393293FC8}.Debug|Any CPU.ActiveCfg = Debug|Any CPU
		{CDCBAEC1-06B6-46E2-9A79-BC5393293FC8}.Debug|Any CPU.Build.0 = Debug|Any CPU
		{CDCBAEC1-06B6-46E2-9A79-BC5393293FC8}.Release|Any CPU.ActiveCfg = Release|Any CPU
		{CDCBAEC1-06B6-46E2-9A79-BC5393293FC8}.Release|Any CPU.Build.0 = Release|Any CPU
	EndGlobalSection
	GlobalSection(SolutionProperties) = preSolution
		HideSolutionNode = FALSE
	EndGlobalSection
	GlobalSection(ExtensibilityGlobals) = postSolution
		SolutionGuid = {3EBFDE95-D45E-4A02-B590-5B0649E50821}
	EndGlobalSection
EndGlobal
